
Microsoft Visual Studio Solution File, Format Version 12.00
# Visual Studio Version 17
VisualStudioVersion = 17.8.34330.188
MinimumVisualStudioVersion = 10.0.40219.1
Project("{9A19103F-16F7-4668-BE54-9A1E7A4F7556}") = "Dino_MVC_CQS", "Dino_MVC_CQS\Dino_MVC_CQS.csproj", "{028E19EA-D2E0-4645-8562-FD750C77A6D3}"
EndProject
Project("{00D1A9C2-B5F0-4AF3-8072-F6C62B433612}") = "Dino_MVC_DB", "..\DinoASP\DinoAPI\Dino_MVC_DB.sqlproj", "{C6D787A7-C651-4679-BD36-BED39AF9B99F}"
EndProject
Project("{FAE04EC0-301F-11D3-BF4B-00C04F79EFBC}") = "Dino_MVC_Domain", "Dino_MVC_Domain\Dino_MVC_Domain.csproj", "{2597B2C9-D0A3-4AD8-908E-770C8BB3BE52}"
EndProject
Global
	GlobalSection(SolutionConfigurationPlatforms) = preSolution
		Debug|Any CPU = Debug|Any CPU
		Release|Any CPU = Release|Any CPU
	EndGlobalSection
	GlobalSection(ProjectConfigurationPlatforms) = postSolution
		{028E19EA-D2E0-4645-8562-FD750C77A6D3}.Debug|Any CPU.ActiveCfg = Debug|Any CPU
		{028E19EA-D2E0-4645-8562-FD750C77A6D3}.Debug|Any CPU.Build.0 = Debug|Any CPU
		{028E19EA-D2E0-4645-8562-FD750C77A6D3}.Release|Any CPU.ActiveCfg = Release|Any CPU
		{028E19EA-D2E0-4645-8562-FD750C77A6D3}.Release|Any CPU.Build.0 = Release|Any CPU
		{C6D787A7-C651-4679-BD36-BED39AF9B99F}.Debug|Any CPU.ActiveCfg = Debug|Any CPU
		{C6D787A7-C651-4679-BD36-BED39AF9B99F}.Debug|Any CPU.Build.0 = Debug|Any CPU
		{C6D787A7-C651-4679-BD36-BED39AF9B99F}.Debug|Any CPU.Deploy.0 = Debug|Any CPU
		{C6D787A7-C651-4679-BD36-BED39AF9B99F}.Release|Any CPU.ActiveCfg = Release|Any CPU
		{C6D787A7-C651-4679-BD36-BED39AF9B99F}.Release|Any CPU.Build.0 = Release|Any CPU
		{C6D787A7-C651-4679-BD36-BED39AF9B99F}.Release|Any CPU.Deploy.0 = Release|Any CPU
		{2597B2C9-D0A3-4AD8-908E-770C8BB3BE52}.Debug|Any CPU.ActiveCfg = Debug|Any CPU
		{2597B2C9-D0A3-4AD8-908E-770C8BB3BE52}.Debug|Any CPU.Build.0 = Debug|Any CPU
		{2597B2C9-D0A3-4AD8-908E-770C8BB3BE52}.Release|Any CPU.ActiveCfg = Release|Any CPU
		{2597B2C9-D0A3-4AD8-908E-770C8BB3BE52}.Release|Any CPU.Build.0 = Release|Any CPU
	EndGlobalSection
	GlobalSection(SolutionProperties) = preSolution
		HideSolutionNode = FALSE
	EndGlobalSection
	GlobalSection(ExtensibilityGlobals) = postSolution
		SolutionGuid = {79383623-FE15-40BD-9CEB-74D8243B7CA8}
	EndGlobalSection
EndGlobal
